
Microsoft Visual Studio Solution File, Format Version 12.00
# Visual Studio 14
VisualStudioVersion = 14.0.25420.1
MinimumVisualStudioVersion = 10.0.40219.1
Project("{8BC9CEB8-8B4A-11D0-8D11-00A0C91BC942}") = "01_SDLImages", "01_SDLImages\01_SDLImages.vcxproj", "{A09D888C-6E7E-4DEA-A19E-9EBCF289DDD1}"
EndProject
Project("{8BC9CEB8-8B4A-11D0-8D11-00A0C91BC942}") = "02_SDLOGL", "..\02_SDLOGL\02_SDLOGL\02_SDLOGL.vcxproj", "{917E10A0-8B46-45B9-82BE-A5857531180C}"
EndProject
Project("{8BC9CEB8-8B4A-11D0-8D11-00A0C91BC942}") = "03_SDLOGL_FW", "..\03_SDLOGL_FW\03_SDLOGL_FW\03_SDLOGL_FW.vcxproj", "{9D3E1E41-77D5-4063-AB63-23F8257B4022}"
EndProject
Global
	GlobalSection(SolutionConfigurationPlatforms) = preSolution
		Debug|Win32 = Debug|Win32
		Release|Win32 = Release|Win32
	EndGlobalSection
	GlobalSection(ProjectConfigurationPlatforms) = postSolution
		{A09D888C-6E7E-4DEA-A19E-9EBCF289DDD1}.Debug|Win32.ActiveCfg = Debug|Win32
		{A09D888C-6E7E-4DEA-A19E-9EBCF289DDD1}.Debug|Win32.Build.0 = Debug|Win32
		{A09D888C-6E7E-4DEA-A19E-9EBCF289DDD1}.Release|Win32.ActiveCfg = Release|Win32
		{A09D888C-6E7E-4DEA-A19E-9EBCF289DDD1}.Release|Win32.Build.0 = Release|Win32
		{917E10A0-8B46-45B9-82BE-A5857531180C}.Debug|Win32.ActiveCfg = Debug|Win32
		{917E10A0-8B46-45B9-82BE-A5857531180C}.Debug|Win32.Build.0 = Debug|Win32
		{917E10A0-8B46-45B9-82BE-A5857531180C}.Release|Win32.ActiveCfg = Release|Win32
		{917E10A0-8B46-45B9-82BE-A5857531180C}.Release|Win32.Build.0 = Release|Win32
		{9D3E1E41-77D5-4063-AB63-23F8257B4022}.Debug|Win32.ActiveCfg = Debug|Win32
		{9D3E1E41-77D5-4063-AB63-23F8257B4022}.Debug|Win32.Build.0 = Debug|Win32
		{9D3E1E41-77D5-4063-AB63-23F8257B4022}.Release|Win32.ActiveCfg = Release|Win32
		{9D3E1E41-77D5-4063-AB63-23F8257B4022}.Release|Win32.Build.0 = Release|Win32
	EndGlobalSection
	GlobalSection(SolutionProperties) = preSolution
		HideSolutionNode = FALSE
	EndGlobalSection
EndGlobal
